{
  "name": "lookup-multiple-bible-verses",
  "version": "1.0.0",
  "lockfileVersion": 1,
  "requires": true,
  "dependencies": {
    "books-of-the-bible": {
      "version": "1.1.0",
      "resolved": "https://registry.npmjs.org/books-of-the-bible/-/books-of-the-bible-1.1.0.tgz",
      "integrity": "sha512-F3OVTkonuZEaRPxBT4Wnw3XJgP/NrQCxybgRnS+/Cc0ISCVVl/EaJDKncGbPaKXWk+U9dMt6t4T34p2504Xu5A=="
    },
    "world-english-bible": {
      "version": "1.0.0",
      "resolved": "https://registry.npmjs.org/world-english-bible/-/world-english-bible-1.0.0.tgz",
      "integrity": "sha512-4/0uF+51k+FkOs1ZsC5LmAdhAmD24Ng76RfKIeJgVxZO6pcMk3ekKQMeaDn++y4F5xPhXPOguYFYL/5c68DMOA=="
    }
  }
}
